
Microsoft Visual Studio Solution File, Format Version 12.00
# Visual Studio Version 16
VisualStudioVersion = 16.0.29905.134
MinimumVisualStudioVersion = 10.0.40219.1
Project("{2150E333-8FDC-42A3-9474-1A3956D46DE8}") = "1. Business Facade", "1. Business Facade", "{75E86D2D-1346-4BDE-81FB-48A38BD9AE40}"
EndProject
Project("{2150E333-8FDC-42A3-9474-1A3956D46DE8}") = "2. Application Logic", "2. Application Logic", "{D90DBAC3-8EDC-432A-A8E2-216E8A469AC5}"
EndProject
Project("{2150E333-8FDC-42A3-9474-1A3956D46DE8}") = "3. Domain Model Layer", "3. Domain Model Layer", "{3789F144-2436-4B7A-A632-84948E4291B8}"
EndProject
Project("{2150E333-8FDC-42A3-9474-1A3956D46DE8}") = "4. Infrastructure Repositories", "4. Infrastructure Repositories", "{408C8B7F-0A86-4FE4-9AF1-10A8BC808BA8}"
EndProject
Project("{FAE04EC0-301F-11D3-BF4B-00C04F79EFBC}") = "Vueling.Domain.Entities", "Vueling.Domain.Entities\Vueling.Domain.Entities.csproj", "{6225AB0B-2D8D-4AB6-AC0E-40D90EF9C91C}"
EndProject
Project("{FAE04EC0-301F-11D3-BF4B-00C04F79EFBC}") = "Vueling.Infrastructure.Repository", "Vueling.Infrastructure.Repositories\Vueling.Infrastructure.Repository.csproj", "{A43A7338-A056-42EE-AEC7-6B2C2A7FE2AC}"
EndProject
Project("{FAE04EC0-301F-11D3-BF4B-00C04F79EFBC}") = "Vueling.Application.Logic", "Vueling.Application.Logic\Vueling.Application.Logic.csproj", "{7F8DB879-C94C-4406-9832-91C2817901F7}"
EndProject
Project("{FAE04EC0-301F-11D3-BF4B-00C04F79EFBC}") = "Vueling.Business.Facade", "Vueling.Business.Facade\Vueling.Business.Facade.csproj", "{11FABB5D-EA90-4018-9726-DB5077F9362D}"
EndProject
Project("{FAE04EC0-301F-11D3-BF4B-00C04F79EFBC}") = "Vueling.Business.Facade.Integration.Tests", "1. Business Facade\Vueling.Business.Facade.Integration.Tests\Vueling.Business.Facade.Integration.Tests.csproj", "{BB5542E9-6307-48E0-B463-C76ED3DF8F29}"
EndProject
Project("{FAE04EC0-301F-11D3-BF4B-00C04F79EFBC}") = "Vueling.Infrastructure.Repository.Unit.Tests", "Vueling.Infrastructure.Repository.Unit.Tests\Vueling.Infrastructure.Repository.Unit.Tests.csproj", "{3B5C4246-EDBC-46DE-8DD7-2880B4C710F5}"
EndProject
Project("{FAE04EC0-301F-11D3-BF4B-00C04F79EFBC}") = "Vueling.Infrastructure.Repository.Integration.Tests", "Vueling.Infrastructure.Repository.Integration.Tests\Vueling.Infrastructure.Repository.Integration.Tests.csproj", "{36612AC4-DF07-4A20-A2CF-5890B7CCB112}"
EndProject
Project("{FAE04EC0-301F-11D3-BF4B-00C04F79EFBC}") = "Vueling.Application.Logic.Unit.Tests", "Vueling.Application.Logic.Unit.Tests\Vueling.Application.Logic.Unit.Tests.csproj", "{FBF34C44-081D-4CA6-8F6E-E3BF5E2BB539}"
EndProject
Project("{FAE04EC0-301F-11D3-BF4B-00C04F79EFBC}") = "Vueling.Application.Logic.Integration.Tests", "Vueling.Application.Logic.Integration.Tests\Vueling.Application.Logic.Integration.Tests.csproj", "{1A9E90D7-CD50-4C7B-9E67-2657C5B38269}"
EndProject
Project("{2150E333-8FDC-42A3-9474-1A3956D46DE8}") = "5. Test Libraries", "5. Test Libraries", "{BA651C73-EA81-47B5-9960-CCE60BDDBE8F}"
EndProject
Project("{FAE04EC0-301F-11D3-BF4B-00C04F79EFBC}") = "Vueling.Test.Framework", "Vueling.Test.Framework\Vueling.Test.Framework.csproj", "{D5C92E2E-54C4-455A-B6FE-BEF6C68A14D8}"
EndProject
Project("{FAE04EC0-301F-11D3-BF4B-00C04F79EFBC}") = "Vueling.Business.Facade.Unit.Tests", "Vueling.Business.Facade.Unit.Tests\Vueling.Business.Facade.Unit.Tests.csproj", "{6408C51B-CE2B-4707-BB0B-F51169856094}"
EndProject
Global
	GlobalSection(SolutionConfigurationPlatforms) = preSolution
		Debug|Any CPU = Debug|Any CPU
		Release|Any CPU = Release|Any CPU
	EndGlobalSection
	GlobalSection(ProjectConfigurationPlatforms) = postSolution
		{6225AB0B-2D8D-4AB6-AC0E-40D90EF9C91C}.Debug|Any CPU.ActiveCfg = Debug|Any CPU
		{6225AB0B-2D8D-4AB6-AC0E-40D90EF9C91C}.Debug|Any CPU.Build.0 = Debug|Any CPU
		{6225AB0B-2D8D-4AB6-AC0E-40D90EF9C91C}.Release|Any CPU.ActiveCfg = Release|Any CPU
		{6225AB0B-2D8D-4AB6-AC0E-40D90EF9C91C}.Release|Any CPU.Build.0 = Release|Any CPU
		{A43A7338-A056-42EE-AEC7-6B2C2A7FE2AC}.Debug|Any CPU.ActiveCfg = Debug|Any CPU
		{A43A7338-A056-42EE-AEC7-6B2C2A7FE2AC}.Debug|Any CPU.Build.0 = Debug|Any CPU
		{A43A7338-A056-42EE-AEC7-6B2C2A7FE2AC}.Release|Any CPU.ActiveCfg = Release|Any CPU
		{A43A7338-A056-42EE-AEC7-6B2C2A7FE2AC}.Release|Any CPU.Build.0 = Release|Any CPU
		{7F8DB879-C94C-4406-9832-91C2817901F7}.Debug|Any CPU.ActiveCfg = Debug|Any CPU
		{7F8DB879-C94C-4406-9832-91C2817901F7}.Debug|Any CPU.Build.0 = Debug|Any CPU
		{7F8DB879-C94C-4406-9832-91C2817901F7}.Release|Any CPU.ActiveCfg = Release|Any CPU
		{7F8DB879-C94C-4406-9832-91C2817901F7}.Release|Any CPU.Build.0 = Release|Any CPU
		{11FABB5D-EA90-4018-9726-DB5077F9362D}.Debug|Any CPU.ActiveCfg = Debug|Any CPU
		{11FABB5D-EA90-4018-9726-DB5077F9362D}.Debug|Any CPU.Build.0 = Debug|Any CPU
		{11FABB5D-EA90-4018-9726-DB5077F9362D}.Release|Any CPU.ActiveCfg = Release|Any CPU
		{11FABB5D-EA90-4018-9726-DB5077F9362D}.Release|Any CPU.Build.0 = Release|Any CPU
		{BB5542E9-6307-48E0-B463-C76ED3DF8F29}.Debug|Any CPU.ActiveCfg = Debug|Any CPU
		{BB5542E9-6307-48E0-B463-C76ED3DF8F29}.Debug|Any CPU.Build.0 = Debug|Any CPU
		{BB5542E9-6307-48E0-B463-C76ED3DF8F29}.Release|Any CPU.ActiveCfg = Release|Any CPU
		{BB5542E9-6307-48E0-B463-C76ED3DF8F29}.Release|Any CPU.Build.0 = Release|Any CPU
		{3B5C4246-EDBC-46DE-8DD7-2880B4C710F5}.Debug|Any CPU.ActiveCfg = Debug|Any CPU
		{3B5C4246-EDBC-46DE-8DD7-2880B4C710F5}.Debug|Any CPU.Build.0 = Debug|Any CPU
		{3B5C4246-EDBC-46DE-8DD7-2880B4C710F5}.Release|Any CPU.ActiveCfg = Release|Any CPU
		{3B5C4246-EDBC-46DE-8DD7-2880B4C710F5}.Release|Any CPU.Build.0 = Release|Any CPU
		{36612AC4-DF07-4A20-A2CF-5890B7CCB112}.Debug|Any CPU.ActiveCfg = Debug|Any CPU
		{36612AC4-DF07-4A20-A2CF-5890B7CCB112}.Debug|Any CPU.Build.0 = Debug|Any CPU
		{36612AC4-DF07-4A20-A2CF-5890B7CCB112}.Release|Any CPU.ActiveCfg = Release|Any CPU
		{36612AC4-DF07-4A20-A2CF-5890B7CCB112}.Release|Any CPU.Build.0 = Release|Any CPU
		{FBF34C44-081D-4CA6-8F6E-E3BF5E2BB539}.Debug|Any CPU.ActiveCfg = Debug|Any CPU
		{FBF34C44-081D-4CA6-8F6E-E3BF5E2BB539}.Debug|Any CPU.Build.0 = Debug|Any CPU
		{FBF34C44-081D-4CA6-8F6E-E3BF5E2BB539}.Release|Any CPU.ActiveCfg = Release|Any CPU
		{FBF34C44-081D-4CA6-8F6E-E3BF5E2BB539}.Release|Any CPU.Build.0 = Release|Any CPU
		{1A9E90D7-CD50-4C7B-9E67-2657C5B38269}.Debug|Any CPU.ActiveCfg = Debug|Any CPU
		{1A9E90D7-CD50-4C7B-9E67-2657C5B38269}.Debug|Any CPU.Build.0 = Debug|Any CPU
		{1A9E90D7-CD50-4C7B-9E67-2657C5B38269}.Release|Any CPU.ActiveCfg = Release|Any CPU
		{1A9E90D7-CD50-4C7B-9E67-2657C5B38269}.Release|Any CPU.Build.0 = Release|Any CPU
		{D5C92E2E-54C4-455A-B6FE-BEF6C68A14D8}.Debug|Any CPU.ActiveCfg = Debug|Any CPU
		{D5C92E2E-54C4-455A-B6FE-BEF6C68A14D8}.Debug|Any CPU.Build.0 = Debug|Any CPU
		{D5C92E2E-54C4-455A-B6FE-BEF6C68A14D8}.Release|Any CPU.ActiveCfg = Release|Any CPU
		{D5C92E2E-54C4-455A-B6FE-BEF6C68A14D8}.Release|Any CPU.Build.0 = Release|Any CPU
		{6408C51B-CE2B-4707-BB0B-F51169856094}.Debug|Any CPU.ActiveCfg = Debug|Any CPU
		{6408C51B-CE2B-4707-BB0B-F51169856094}.Debug|Any CPU.Build.0 = Debug|Any CPU
		{6408C51B-CE2B-4707-BB0B-F51169856094}.Release|Any CPU.ActiveCfg = Release|Any CPU
		{6408C51B-CE2B-4707-BB0B-F51169856094}.Release|Any CPU.Build.0 = Release|Any CPU
	EndGlobalSection
	GlobalSection(SolutionProperties) = preSolution
		HideSolutionNode = FALSE
	EndGlobalSection
	GlobalSection(NestedProjects) = preSolution
		{6225AB0B-2D8D-4AB6-AC0E-40D90EF9C91C} = {3789F144-2436-4B7A-A632-84948E4291B8}
		{A43A7338-A056-42EE-AEC7-6B2C2A7FE2AC} = {408C8B7F-0A86-4FE4-9AF1-10A8BC808BA8}
		{7F8DB879-C94C-4406-9832-91C2817901F7} = {D90DBAC3-8EDC-432A-A8E2-216E8A469AC5}
		{11FABB5D-EA90-4018-9726-DB5077F9362D} = {75E86D2D-1346-4BDE-81FB-48A38BD9AE40}
		{BB5542E9-6307-48E0-B463-C76ED3DF8F29} = {75E86D2D-1346-4BDE-81FB-48A38BD9AE40}
		{3B5C4246-EDBC-46DE-8DD7-2880B4C710F5} = {408C8B7F-0A86-4FE4-9AF1-10A8BC808BA8}
		{36612AC4-DF07-4A20-A2CF-5890B7CCB112} = {408C8B7F-0A86-4FE4-9AF1-10A8BC808BA8}
		{FBF34C44-081D-4CA6-8F6E-E3BF5E2BB539} = {D90DBAC3-8EDC-432A-A8E2-216E8A469AC5}
		{1A9E90D7-CD50-4C7B-9E67-2657C5B38269} = {D90DBAC3-8EDC-432A-A8E2-216E8A469AC5}
		{D5C92E2E-54C4-455A-B6FE-BEF6C68A14D8} = {BA651C73-EA81-47B5-9960-CCE60BDDBE8F}
		{6408C51B-CE2B-4707-BB0B-F51169856094} = {75E86D2D-1346-4BDE-81FB-48A38BD9AE40}
	EndGlobalSection
	GlobalSection(ExtensibilityGlobals) = postSolution
		SolutionGuid = {F2281ABA-BE09-4C16-96E3-87C4DC665050}
	EndGlobalSection
EndGlobal
